{
  "originHash" : "1ac1a49e98c5b09603a0464fe7747614b4fc77d3452039393d05ec26c51ffc68",
  "pins" : [
    {
      "identity" : "rxswift",
      "kind" : "remoteSourceControl",
      "location" : "https://github.com/ReactiveX/RxSwift.git",
      "state" : {
        "branch" : "main",
        "revision" : "e2b0aa8dbbafe1552d3cfbc9b8c8087615762f0c"
      }
    },
    {
      "identity" : "snapkit",
      "kind" : "remoteSourceControl",
      "location" : "https://github.com/SnapKit/SnapKit.git",
      "state" : {
        "revision" : "2842e6e84e82eb9a8dac0100ca90d9444b0307f4",
        "version" : "5.7.1"
      }
    },
    {
      "identity" : "swiftycloudkit",
      "kind" : "remoteSourceControl",
      "location" : "https://github.com/simengangstad/SwiftyCloudKit",
      "state" : {
        "branch" : "master",
        "revision" : "5eadb90f3fee5bec6e55c3ef21c7a97f96099b97"
      }
    }
  ],
  "version" : 3
}
