{
  "pins" : [
    {
      "identity" : "rxswift",
      "kind" : "remoteSourceControl",
      "location" : "https://github.com/ReactiveX/RxSwift.git",
      "state" : {
        "branch" : "main",
        "revision" : "3d3ed05bed71f19999db2207c714dab0028d37be"
      }
    },
    {
      "identity" : "snapkit",
      "kind" : "remoteSourceControl",
      "location" : "https://github.com/SnapKit/SnapKit.git",
      "state" : {
        "branch" : "develop",
        "revision" : "07c5d1f6044701d97e94dc11157259e8811977be"
      }
    },
    {
      "identity" : "swiftycloudkit",
      "kind" : "remoteSourceControl",
      "location" : "https://github.com/bljubisic/SwiftyCloudKit",
      "state" : {
        "branch" : "master",
        "revision" : "7f38926ca8174bf2c2c22b29918771efc2baf82b"
      }
    }
  ],
  "version" : 2
}
