// !$*UTF8*$!
{
	archiveVersion = 1;
	classes = {
	};
	objectVersion = 46;
	objects = {

/* Begin PBXBuildFile section */
		1DC9D0A5DE5E0058145980A5 /* Pods_QuickToDoTests.framework in Frameworks */ = {isa = PBXBuildFile; fileRef = CD8069B17A767C026B526CC5 /* Pods_QuickToDoTests.framework */; };
		9E03C8C2F1BE11AB3CDF1468 /* Pods_QuickToDo.framework in Frameworks */ = {isa = PBXBuildFile; fileRef = BDAD6B8AE1842746DE469D1A /* Pods_QuickToDo.framework */; };
		E435ECE521680E0300E68960 /* CoreDataModel.swift in Sources */ = {isa = PBXBuildFile; fileRef = E435ECE421680E0300E68960 /* CoreDataModel.swift */; };
		E435ECE72169327000E68960 /* ManagedObjectTypeProtocol.swift in Sources */ = {isa = PBXBuildFile; fileRef = E435ECE62169327000E68960 /* ManagedObjectTypeProtocol.swift */; };
		E435ECE9216932FB00E68960 /* ItemMO.swift in Sources */ = {isa = PBXBuildFile; fileRef = E435ECE8216932FA00E68960 /* ItemMO.swift */; };
		E435ECEB21729EB700E68960 /* QuickToDoViewModelProtocol.swift in Sources */ = {isa = PBXBuildFile; fileRef = E435ECEA21729EB700E68960 /* QuickToDoViewModelProtocol.swift */; };
		E435ECEF21890A6A00E68960 /* ItemTableViewCell.swift in Sources */ = {isa = PBXBuildFile; fileRef = E435ECEE21890A6A00E68960 /* ItemTableViewCell.swift */; };
		E435ECF121890A7900E68960 /* AddItemTableViewCell.swift in Sources */ = {isa = PBXBuildFile; fileRef = E435ECF021890A7900E68960 /* AddItemTableViewCell.swift */; };
		E46FD0E3216406220007FBB7 /* QuickToDoModel.swift in Sources */ = {isa = PBXBuildFile; fileRef = E46FD0E2216406220007FBB7 /* QuickToDoModel.swift */; };
		E4861BC0215FA0010085CFB8 /* AppDelegate.swift in Sources */ = {isa = PBXBuildFile; fileRef = E4861BBF215FA0010085CFB8 /* AppDelegate.swift */; };
		E4861BC2215FA3FF0085CFB8 /* CloudKit.framework in Frameworks */ = {isa = PBXBuildFile; fileRef = E4861BC1215FA3FF0085CFB8 /* CloudKit.framework */; };
		E48B68DA215D5C3C0062B08C /* MainViewController.swift in Sources */ = {isa = PBXBuildFile; fileRef = E48B68D9215D5C3C0062B08C /* MainViewController.swift */; };
		E4BF3E6E21A04AFC00302EB8 /* QuickToDoViewModel.swift in Sources */ = {isa = PBXBuildFile; fileRef = E4BF3E6D21A04AFC00302EB8 /* QuickToDoViewModel.swift */; };
		E4C6E01219E7EA63003A89F7 /* QuickToDo.xcdatamodeld in Sources */ = {isa = PBXBuildFile; fileRef = E4C6E01019E7EA63003A89F7 /* QuickToDo.xcdatamodeld */; };
		E4C6E01719E7EA63003A89F7 /* Main.storyboard in Resources */ = {isa = PBXBuildFile; fileRef = E4C6E01519E7EA63003A89F7 /* Main.storyboard */; };
		E4C6E01919E7EA63003A89F7 /* Images.xcassets in Resources */ = {isa = PBXBuildFile; fileRef = E4C6E01819E7EA63003A89F7 /* Images.xcassets */; };
		E4C6E01C19E7EA63003A89F7 /* LaunchScreen.xib in Resources */ = {isa = PBXBuildFile; fileRef = E4C6E01A19E7EA63003A89F7 /* LaunchScreen.xib */; };
		E4F014C81AC8887B00264AD5 /* Config.plist in Resources */ = {isa = PBXBuildFile; fileRef = E4F014C71AC8887B00264AD5 /* Config.plist */; };
		E4F9A3791A5C146900CC0573 /* CoreData.framework in Frameworks */ = {isa = PBXBuildFile; fileRef = E4F9A3781A5C146900CC0573 /* CoreData.framework */; };
		E4FBC6DA215ABEF500F1B6E2 /* QuickToDoModelProtocol.swift in Sources */ = {isa = PBXBuildFile; fileRef = E4FBC6D9215ABEF500F1B6E2 /* QuickToDoModelProtocol.swift */; };
		E4FBC6DC215AD63300F1B6E2 /* DataStructures.swift in Sources */ = {isa = PBXBuildFile; fileRef = E4FBC6DB215AD63300F1B6E2 /* DataStructures.swift */; };
/* End PBXBuildFile section */

/* Begin PBXContainerItemProxy section */
		E4C6E02219E7EA63003A89F7 /* PBXContainerItemProxy */ = {
			isa = PBXContainerItemProxy;
			containerPortal = E4C6E00119E7EA62003A89F7 /* Project object */;
			proxyType = 1;
			remoteGlobalIDString = E4C6E00819E7EA62003A89F7;
			remoteInfo = QuickToDo;
		};
/* End PBXContainerItemProxy section */

/* Begin PBXFileReference section */
		2CE05E2F6055C31C0270D475 /* Pods-QuickToDo.release.xcconfig */ = {isa = PBXFileReference; includeInIndex = 1; lastKnownFileType = text.xcconfig; name = "Pods-QuickToDo.release.xcconfig"; path = "Pods/Target Support Files/Pods-QuickToDo/Pods-QuickToDo.release.xcconfig"; sourceTree = "<group>"; };
		339EA3DD8F9162C475035285 /* Pods-QuickToDo.debug.xcconfig */ = {isa = PBXFileReference; includeInIndex = 1; lastKnownFileType = text.xcconfig; name = "Pods-QuickToDo.debug.xcconfig"; path = "Pods/Target Support Files/Pods-QuickToDo/Pods-QuickToDo.debug.xcconfig"; sourceTree = "<group>"; };
		3B4C516769C5AEA6EE6C967E /* Pods-QuickToDoTests.debug.xcconfig */ = {isa = PBXFileReference; includeInIndex = 1; lastKnownFileType = text.xcconfig; name = "Pods-QuickToDoTests.debug.xcconfig"; path = "Pods/Target Support Files/Pods-QuickToDoTests/Pods-QuickToDoTests.debug.xcconfig"; sourceTree = "<group>"; };
		A97DD8250808A8AD94FBF903 /* Pods-QuickToDoTests.release.xcconfig */ = {isa = PBXFileReference; includeInIndex = 1; lastKnownFileType = text.xcconfig; name = "Pods-QuickToDoTests.release.xcconfig"; path = "Pods/Target Support Files/Pods-QuickToDoTests/Pods-QuickToDoTests.release.xcconfig"; sourceTree = "<group>"; };
		BDAD6B8AE1842746DE469D1A /* Pods_QuickToDo.framework */ = {isa = PBXFileReference; explicitFileType = wrapper.framework; includeInIndex = 0; path = Pods_QuickToDo.framework; sourceTree = BUILT_PRODUCTS_DIR; };
		CD8069B17A767C026B526CC5 /* Pods_QuickToDoTests.framework */ = {isa = PBXFileReference; explicitFileType = wrapper.framework; includeInIndex = 0; path = Pods_QuickToDoTests.framework; sourceTree = BUILT_PRODUCTS_DIR; };
		E404A39F1A8EBA34008D32A5 /* QuickToDo.entitlements */ = {isa = PBXFileReference; lastKnownFileType = text.xml; path = QuickToDo.entitlements; sourceTree = "<group>"; };
		E41B97AC1A8D3E9F00BF8F51 /* NotificationCenter.framework */ = {isa = PBXFileReference; lastKnownFileType = wrapper.framework; name = NotificationCenter.framework; path = System/Library/Frameworks/NotificationCenter.framework; sourceTree = SDKROOT; };
		E435ECE421680E0300E68960 /* CoreDataModel.swift */ = {isa = PBXFileReference; lastKnownFileType = sourcecode.swift; path = CoreDataModel.swift; sourceTree = "<group>"; };
		E435ECE62169327000E68960 /* ManagedObjectTypeProtocol.swift */ = {isa = PBXFileReference; lastKnownFileType = sourcecode.swift; path = ManagedObjectTypeProtocol.swift; sourceTree = "<group>"; };
		E435ECE8216932FA00E68960 /* ItemMO.swift */ = {isa = PBXFileReference; lastKnownFileType = sourcecode.swift; path = ItemMO.swift; sourceTree = "<group>"; };
		E435ECEA21729EB700E68960 /* QuickToDoViewModelProtocol.swift */ = {isa = PBXFileReference; lastKnownFileType = sourcecode.swift; path = QuickToDoViewModelProtocol.swift; sourceTree = "<group>"; };
		E435ECEE21890A6A00E68960 /* ItemTableViewCell.swift */ = {isa = PBXFileReference; lastKnownFileType = sourcecode.swift; path = ItemTableViewCell.swift; sourceTree = "<group>"; };
		E435ECF021890A7900E68960 /* AddItemTableViewCell.swift */ = {isa = PBXFileReference; lastKnownFileType = sourcecode.swift; path = AddItemTableViewCell.swift; sourceTree = "<group>"; };
		E46FD0E2216406220007FBB7 /* QuickToDoModel.swift */ = {isa = PBXFileReference; lastKnownFileType = sourcecode.swift; path = QuickToDoModel.swift; sourceTree = "<group>"; };
		E4861BBF215FA0010085CFB8 /* AppDelegate.swift */ = {isa = PBXFileReference; fileEncoding = 4; lastKnownFileType = sourcecode.swift; path = AppDelegate.swift; sourceTree = "<group>"; };
		E4861BC1215FA3FF0085CFB8 /* CloudKit.framework */ = {isa = PBXFileReference; lastKnownFileType = wrapper.framework; name = CloudKit.framework; path = System/Library/Frameworks/CloudKit.framework; sourceTree = SDKROOT; };
		E48B68D9215D5C3C0062B08C /* MainViewController.swift */ = {isa = PBXFileReference; lastKnownFileType = sourcecode.swift; path = MainViewController.swift; sourceTree = "<group>"; };
		E4BF3E6D21A04AFC00302EB8 /* QuickToDoViewModel.swift */ = {isa = PBXFileReference; lastKnownFileType = sourcecode.swift; path = QuickToDoViewModel.swift; sourceTree = "<group>"; };
		E4C6E00919E7EA62003A89F7 /* QuickToDo.app */ = {isa = PBXFileReference; explicitFileType = wrapper.application; includeInIndex = 0; path = QuickToDo.app; sourceTree = BUILT_PRODUCTS_DIR; };
		E4C6E00D19E7EA62003A89F7 /* Info.plist */ = {isa = PBXFileReference; lastKnownFileType = text.plist.xml; path = Info.plist; sourceTree = "<group>"; };
		E4C6E01119E7EA63003A89F7 /* QuickToDo.xcdatamodel */ = {isa = PBXFileReference; lastKnownFileType = wrapper.xcdatamodel; path = QuickToDo.xcdatamodel; sourceTree = "<group>"; };
		E4C6E01619E7EA63003A89F7 /* Base */ = {isa = PBXFileReference; lastKnownFileType = file.storyboard; name = Base; path = Base.lproj/Main.storyboard; sourceTree = "<group>"; };
		E4C6E01819E7EA63003A89F7 /* Images.xcassets */ = {isa = PBXFileReference; lastKnownFileType = folder.assetcatalog; path = Images.xcassets; sourceTree = "<group>"; };
		E4C6E01B19E7EA63003A89F7 /* Base */ = {isa = PBXFileReference; lastKnownFileType = file.xib; name = Base; path = Base.lproj/LaunchScreen.xib; sourceTree = "<group>"; };
		E4C6E02119E7EA63003A89F7 /* QuickToDoTests.xctest */ = {isa = PBXFileReference; explicitFileType = wrapper.cfbundle; includeInIndex = 0; path = QuickToDoTests.xctest; sourceTree = BUILT_PRODUCTS_DIR; };
		E4F014C71AC8887B00264AD5 /* Config.plist */ = {isa = PBXFileReference; fileEncoding = 4; lastKnownFileType = text.plist.xml; path = Config.plist; sourceTree = "<group>"; };
		E4F9A3781A5C146900CC0573 /* CoreData.framework */ = {isa = PBXFileReference; lastKnownFileType = wrapper.framework; name = CoreData.framework; path = System/Library/Frameworks/CoreData.framework; sourceTree = SDKROOT; };
		E4FBC6D9215ABEF500F1B6E2 /* QuickToDoModelProtocol.swift */ = {isa = PBXFileReference; lastKnownFileType = sourcecode.swift; path = QuickToDoModelProtocol.swift; sourceTree = "<group>"; };
		E4FBC6DB215AD63300F1B6E2 /* DataStructures.swift */ = {isa = PBXFileReference; lastKnownFileType = sourcecode.swift; path = DataStructures.swift; sourceTree = "<group>"; };
/* End PBXFileReference section */

/* Begin PBXFrameworksBuildPhase section */
		E4C6E00619E7EA62003A89F7 /* Frameworks */ = {
			isa = PBXFrameworksBuildPhase;
			buildActionMask = 2147483647;
			files = (
				E4F9A3791A5C146900CC0573 /* CoreData.framework in Frameworks */,
				E4861BC2215FA3FF0085CFB8 /* CloudKit.framework in Frameworks */,
				9E03C8C2F1BE11AB3CDF1468 /* Pods_QuickToDo.framework in Frameworks */,
			);
			runOnlyForDeploymentPostprocessing = 0;
		};
		E4C6E01E19E7EA63003A89F7 /* Frameworks */ = {
			isa = PBXFrameworksBuildPhase;
			buildActionMask = 2147483647;
			files = (
				1DC9D0A5DE5E0058145980A5 /* Pods_QuickToDoTests.framework in Frameworks */,
			);
			runOnlyForDeploymentPostprocessing = 0;
		};
/* End PBXFrameworksBuildPhase section */

/* Begin PBXGroup section */
		20AA199DE811657804D253DF /* Pods */ = {
			isa = PBXGroup;
			children = (
				339EA3DD8F9162C475035285 /* Pods-QuickToDo.debug.xcconfig */,
				2CE05E2F6055C31C0270D475 /* Pods-QuickToDo.release.xcconfig */,
				3B4C516769C5AEA6EE6C967E /* Pods-QuickToDoTests.debug.xcconfig */,
				A97DD8250808A8AD94FBF903 /* Pods-QuickToDoTests.release.xcconfig */,
			);
			name = Pods;
			sourceTree = "<group>";
		};
		E41B97AB1A8D3E9F00BF8F51 /* Frameworks */ = {
			isa = PBXGroup;
			children = (
				E4861BC1215FA3FF0085CFB8 /* CloudKit.framework */,
				E41B97AC1A8D3E9F00BF8F51 /* NotificationCenter.framework */,
				BDAD6B8AE1842746DE469D1A /* Pods_QuickToDo.framework */,
				CD8069B17A767C026B526CC5 /* Pods_QuickToDoTests.framework */,
			);
			name = Frameworks;
			sourceTree = "<group>";
		};
		E435ECE321680DD900E68960 /* CoreData */ = {
			isa = PBXGroup;
			children = (
				E435ECE421680E0300E68960 /* CoreDataModel.swift */,
				E435ECE62169327000E68960 /* ManagedObjectTypeProtocol.swift */,
				E435ECE8216932FA00E68960 /* ItemMO.swift */,
			);
			path = CoreData;
			sourceTree = "<group>";
		};
		E4368FFC227EDE0400D6DF79 /* QuickToDoTests */ = {
			isa = PBXGroup;
			children = (
			);
			name = QuickToDoTests;
			sourceTree = "<group>";
		};
		E4AFEE3C215AB04D0001AEDA /* Model */ = {
			isa = PBXGroup;
			children = (
				E435ECE321680DD900E68960 /* CoreData */,
				E4FBC6D9215ABEF500F1B6E2 /* QuickToDoModelProtocol.swift */,
				E4FBC6DB215AD63300F1B6E2 /* DataStructures.swift */,
				E46FD0E2216406220007FBB7 /* QuickToDoModel.swift */,
			);
			path = Model;
			sourceTree = "<group>";
		};
		E4AFEE3D215AB0560001AEDA /* ViewModel */ = {
			isa = PBXGroup;
			children = (
				E435ECEA21729EB700E68960 /* QuickToDoViewModelProtocol.swift */,
				E4BF3E6D21A04AFC00302EB8 /* QuickToDoViewModel.swift */,
			);
			path = ViewModel;
			sourceTree = "<group>";
		};
		E4AFEE3E215AB0620001AEDA /* View */ = {
			isa = PBXGroup;
			children = (
				E48B68D9215D5C3C0062B08C /* MainViewController.swift */,
				E435ECEE21890A6A00E68960 /* ItemTableViewCell.swift */,
				E435ECF021890A7900E68960 /* AddItemTableViewCell.swift */,
			);
			path = View;
			sourceTree = "<group>";
		};
		E4C6E00019E7EA62003A89F7 = {
			isa = PBXGroup;
			children = (
				E4368FFC227EDE0400D6DF79 /* QuickToDoTests */,
				E4F9A3781A5C146900CC0573 /* CoreData.framework */,
				E4C6E00B19E7EA62003A89F7 /* QuickToDo */,
				E41B97AB1A8D3E9F00BF8F51 /* Frameworks */,
				E4C6E00A19E7EA62003A89F7 /* Products */,
				20AA199DE811657804D253DF /* Pods */,
			);
			sourceTree = "<group>";
		};
		E4C6E00A19E7EA62003A89F7 /* Products */ = {
			isa = PBXGroup;
			children = (
				E4C6E00919E7EA62003A89F7 /* QuickToDo.app */,
				E4C6E02119E7EA63003A89F7 /* QuickToDoTests.xctest */,
			);
			name = Products;
			sourceTree = "<group>";
		};
		E4C6E00B19E7EA62003A89F7 /* QuickToDo */ = {
			isa = PBXGroup;
			children = (
				E4AFEE3C215AB04D0001AEDA /* Model */,
				E4AFEE3D215AB0560001AEDA /* ViewModel */,
				E4AFEE3E215AB0620001AEDA /* View */,
				E404A39F1A8EBA34008D32A5 /* QuickToDo.entitlements */,
				E4861BBF215FA0010085CFB8 /* AppDelegate.swift */,
				E4C6E00C19E7EA62003A89F7 /* Supporting Files */,
			);
			path = QuickToDo;
			sourceTree = "<group>";
		};
		E4C6E00C19E7EA62003A89F7 /* Supporting Files */ = {
			isa = PBXGroup;
			children = (
				E4C6E01519E7EA63003A89F7 /* Main.storyboard */,
				E4C6E01819E7EA63003A89F7 /* Images.xcassets */,
				E4C6E01A19E7EA63003A89F7 /* LaunchScreen.xib */,
				E4C6E01019E7EA63003A89F7 /* QuickToDo.xcdatamodeld */,
				E4C6E00D19E7EA62003A89F7 /* Info.plist */,
				E4F014C71AC8887B00264AD5 /* Config.plist */,
			);
			name = "Supporting Files";
			sourceTree = "<group>";
		};
/* End PBXGroup section */

/* Begin PBXNativeTarget section */
		E4C6E00819E7EA62003A89F7 /* QuickToDo */ = {
			isa = PBXNativeTarget;
			buildConfigurationList = E4C6E02B19E7EA63003A89F7 /* Build configuration list for PBXNativeTarget "QuickToDo" */;
			buildPhases = (
				ECD48E670E140165CE3B12B7 /* [CP] Check Pods Manifest.lock */,
				E4C6E00519E7EA62003A89F7 /* Sources */,
				E4C6E00619E7EA62003A89F7 /* Frameworks */,
				E4C6E00719E7EA62003A89F7 /* Resources */,
				FAAA371ED48B9C6F86F9E61D /* [CP] Embed Pods Frameworks */,
			);
			buildRules = (
			);
			dependencies = (
			);
			name = QuickToDo;
			productName = QuickToDo;
			productReference = E4C6E00919E7EA62003A89F7 /* QuickToDo.app */;
			productType = "com.apple.product-type.application";
		};
		E4C6E02019E7EA63003A89F7 /* QuickToDoTests */ = {
			isa = PBXNativeTarget;
			buildConfigurationList = E4C6E02E19E7EA63003A89F7 /* Build configuration list for PBXNativeTarget "QuickToDoTests" */;
			buildPhases = (
				D767F50EFF2EB6C3EB9412A2 /* [CP] Check Pods Manifest.lock */,
				E4C6E01D19E7EA63003A89F7 /* Sources */,
				E4C6E01E19E7EA63003A89F7 /* Frameworks */,
				E4C6E01F19E7EA63003A89F7 /* Resources */,
				ECDB253D1582CCD6AF79480C /* [CP] Embed Pods Frameworks */,
			);
			buildRules = (
			);
			dependencies = (
				E4C6E02319E7EA63003A89F7 /* PBXTargetDependency */,
			);
			name = QuickToDoTests;
			productName = QuickToDoTests;
			productReference = E4C6E02119E7EA63003A89F7 /* QuickToDoTests.xctest */;
			productType = "com.apple.product-type.bundle.unit-test";
		};
/* End PBXNativeTarget section */

/* Begin PBXProject section */
		E4C6E00119E7EA62003A89F7 /* Project object */ = {
			isa = PBXProject;
			attributes = {
				LastSwiftMigration = 0730;
				LastSwiftUpdateCheck = 0730;
				LastUpgradeCheck = 0600;
				ORGANIZATIONNAME = "Bratislav Ljubisic";
				TargetAttributes = {
					E4C6E00819E7EA62003A89F7 = {
						CreatedOnToolsVersion = 6.0.1;
						DevelopmentTeam = ENT89NLKC9;
						LastSwiftMigration = 1000;
						ProvisioningStyle = Automatic;
						SystemCapabilities = {
							com.apple.ApplicationGroups.iOS = {
								enabled = 1;
							};
							com.apple.Push = {
								enabled = 1;
							};
							com.apple.iCloud = {
								enabled = 1;
							};
						};
					};
					E4C6E02019E7EA63003A89F7 = {
						CreatedOnToolsVersion = 6.0.1;
						DevelopmentTeam = ENT89NLKC9;
						ProvisioningStyle = Automatic;
					};
				};
			};
			buildConfigurationList = E4C6E00419E7EA62003A89F7 /* Build configuration list for PBXProject "QuickToDo" */;
			compatibilityVersion = "Xcode 3.2";
			developmentRegion = English;
			hasScannedForEncodings = 0;
			knownRegions = (
				English,
				en,
				Base,
			);
			mainGroup = E4C6E00019E7EA62003A89F7;
			productRefGroup = E4C6E00A19E7EA62003A89F7 /* Products */;
			projectDirPath = "";
			projectRoot = "";
			targets = (
				E4C6E00819E7EA62003A89F7 /* QuickToDo */,
				E4C6E02019E7EA63003A89F7 /* QuickToDoTests */,
			);
		};
/* End PBXProject section */

/* Begin PBXResourcesBuildPhase section */
		E4C6E00719E7EA62003A89F7 /* Resources */ = {
			isa = PBXResourcesBuildPhase;
			buildActionMask = 2147483647;
			files = (
				E4F014C81AC8887B00264AD5 /* Config.plist in Resources */,
				E4C6E01719E7EA63003A89F7 /* Main.storyboard in Resources */,
				E4C6E01C19E7EA63003A89F7 /* LaunchScreen.xib in Resources */,
				E4C6E01919E7EA63003A89F7 /* Images.xcassets in Resources */,
			);
			runOnlyForDeploymentPostprocessing = 0;
		};
		E4C6E01F19E7EA63003A89F7 /* Resources */ = {
			isa = PBXResourcesBuildPhase;
			buildActionMask = 2147483647;
			files = (
			);
			runOnlyForDeploymentPostprocessing = 0;
		};
/* End PBXResourcesBuildPhase section */

/* Begin PBXShellScriptBuildPhase section */
		D767F50EFF2EB6C3EB9412A2 /* [CP] Check Pods Manifest.lock */ = {
			isa = PBXShellScriptBuildPhase;
			buildActionMask = 2147483647;
			files = (
			);
			inputPaths = (
				"${PODS_PODFILE_DIR_PATH}/Podfile.lock",
				"${PODS_ROOT}/Manifest.lock",
			);
			name = "[CP] Check Pods Manifest.lock";
			outputPaths = (
				"$(DERIVED_FILE_DIR)/Pods-QuickToDoTests-checkManifestLockResult.txt",
			);
			runOnlyForDeploymentPostprocessing = 0;
			shellPath = /bin/sh;
			shellScript = "diff \"${PODS_PODFILE_DIR_PATH}/Podfile.lock\" \"${PODS_ROOT}/Manifest.lock\" > /dev/null\nif [ $? != 0 ] ; then\n    # print error to STDERR\n    echo \"error: The sandbox is not in sync with the Podfile.lock. Run 'pod install' or update your CocoaPods installation.\" >&2\n    exit 1\nfi\n# This output is used by Xcode 'outputs' to avoid re-running this script phase.\necho \"SUCCESS\" > \"${SCRIPT_OUTPUT_FILE_0}\"\n";
			showEnvVarsInLog = 0;
		};
		ECD48E670E140165CE3B12B7 /* [CP] Check Pods Manifest.lock */ = {
			isa = PBXShellScriptBuildPhase;
			buildActionMask = 2147483647;
			files = (
			);
			inputPaths = (
				"${PODS_PODFILE_DIR_PATH}/Podfile.lock",
				"${PODS_ROOT}/Manifest.lock",
			);
			name = "[CP] Check Pods Manifest.lock";
			outputPaths = (
				"$(DERIVED_FILE_DIR)/Pods-QuickToDo-checkManifestLockResult.txt",
			);
			runOnlyForDeploymentPostprocessing = 0;
			shellPath = /bin/sh;
			shellScript = "diff \"${PODS_PODFILE_DIR_PATH}/Podfile.lock\" \"${PODS_ROOT}/Manifest.lock\" > /dev/null\nif [ $? != 0 ] ; then\n    # print error to STDERR\n    echo \"error: The sandbox is not in sync with the Podfile.lock. Run 'pod install' or update your CocoaPods installation.\" >&2\n    exit 1\nfi\n# This output is used by Xcode 'outputs' to avoid re-running this script phase.\necho \"SUCCESS\" > \"${SCRIPT_OUTPUT_FILE_0}\"\n";
			showEnvVarsInLog = 0;
		};
		ECDB253D1582CCD6AF79480C /* [CP] Embed Pods Frameworks */ = {
			isa = PBXShellScriptBuildPhase;
			buildActionMask = 2147483647;
			files = (
			);
			inputPaths = (
				"${SRCROOT}/Pods/Target Support Files/Pods-QuickToDoTests/Pods-QuickToDoTests-frameworks.sh",
				"${BUILT_PRODUCTS_DIR}/RxCocoa/RxCocoa.framework",
				"${BUILT_PRODUCTS_DIR}/RxSwift/RxSwift.framework",
				"${BUILT_PRODUCTS_DIR}/SnapKit/SnapKit.framework",
			);
			name = "[CP] Embed Pods Frameworks";
			outputPaths = (
				"${TARGET_BUILD_DIR}/${FRAMEWORKS_FOLDER_PATH}/RxCocoa.framework",
				"${TARGET_BUILD_DIR}/${FRAMEWORKS_FOLDER_PATH}/RxSwift.framework",
				"${TARGET_BUILD_DIR}/${FRAMEWORKS_FOLDER_PATH}/SnapKit.framework",
			);
			runOnlyForDeploymentPostprocessing = 0;
			shellPath = /bin/sh;
			shellScript = "\"${SRCROOT}/Pods/Target Support Files/Pods-QuickToDoTests/Pods-QuickToDoTests-frameworks.sh\"\n";
			showEnvVarsInLog = 0;
		};
		FAAA371ED48B9C6F86F9E61D /* [CP] Embed Pods Frameworks */ = {
			isa = PBXShellScriptBuildPhase;
			buildActionMask = 2147483647;
			files = (
			);
			inputPaths = (
				"${SRCROOT}/Pods/Target Support Files/Pods-QuickToDo/Pods-QuickToDo-frameworks.sh",
				"${BUILT_PRODUCTS_DIR}/RxCocoa/RxCocoa.framework",
				"${BUILT_PRODUCTS_DIR}/RxSwift/RxSwift.framework",
				"${BUILT_PRODUCTS_DIR}/SnapKit/SnapKit.framework",
			);
			name = "[CP] Embed Pods Frameworks";
			outputPaths = (
				"${TARGET_BUILD_DIR}/${FRAMEWORKS_FOLDER_PATH}/RxCocoa.framework",
				"${TARGET_BUILD_DIR}/${FRAMEWORKS_FOLDER_PATH}/RxSwift.framework",
				"${TARGET_BUILD_DIR}/${FRAMEWORKS_FOLDER_PATH}/SnapKit.framework",
			);
			runOnlyForDeploymentPostprocessing = 0;
			shellPath = /bin/sh;
			shellScript = "\"${SRCROOT}/Pods/Target Support Files/Pods-QuickToDo/Pods-QuickToDo-frameworks.sh\"\n";
			showEnvVarsInLog = 0;
		};
/* End PBXShellScriptBuildPhase section */

/* Begin PBXSourcesBuildPhase section */
		E4C6E00519E7EA62003A89F7 /* Sources */ = {
			isa = PBXSourcesBuildPhase;
			buildActionMask = 2147483647;
			files = (
				E4BF3E6E21A04AFC00302EB8 /* QuickToDoViewModel.swift in Sources */,
				E435ECE9216932FB00E68960 /* ItemMO.swift in Sources */,
				E4FBC6DC215AD63300F1B6E2 /* DataStructures.swift in Sources */,
				E4C6E01219E7EA63003A89F7 /* QuickToDo.xcdatamodeld in Sources */,
				E435ECEB21729EB700E68960 /* QuickToDoViewModelProtocol.swift in Sources */,
				E435ECEF21890A6A00E68960 /* ItemTableViewCell.swift in Sources */,
				E435ECF121890A7900E68960 /* AddItemTableViewCell.swift in Sources */,
				E435ECE521680E0300E68960 /* CoreDataModel.swift in Sources */,
				E4FBC6DA215ABEF500F1B6E2 /* QuickToDoModelProtocol.swift in Sources */,
				E435ECE72169327000E68960 /* ManagedObjectTypeProtocol.swift in Sources */,
				E46FD0E3216406220007FBB7 /* QuickToDoModel.swift in Sources */,
				E4861BC0215FA0010085CFB8 /* AppDelegate.swift in Sources */,
				E48B68DA215D5C3C0062B08C /* MainViewController.swift in Sources */,
			);
			runOnlyForDeploymentPostprocessing = 0;
		};
		E4C6E01D19E7EA63003A89F7 /* Sources */ = {
			isa = PBXSourcesBuildPhase;
			buildActionMask = 2147483647;
			files = (
			);
			runOnlyForDeploymentPostprocessing = 0;
		};
/* End PBXSourcesBuildPhase section */

/* Begin PBXTargetDependency section */
		E4C6E02319E7EA63003A89F7 /* PBXTargetDependency */ = {
			isa = PBXTargetDependency;
			target = E4C6E00819E7EA62003A89F7 /* QuickToDo */;
			targetProxy = E4C6E02219E7EA63003A89F7 /* PBXContainerItemProxy */;
		};
/* End PBXTargetDependency section */

/* Begin PBXVariantGroup section */
		E4C6E01519E7EA63003A89F7 /* Main.storyboard */ = {
			isa = PBXVariantGroup;
			children = (
				E4C6E01619E7EA63003A89F7 /* Base */,
			);
			name = Main.storyboard;
			sourceTree = "<group>";
		};
		E4C6E01A19E7EA63003A89F7 /* LaunchScreen.xib */ = {
			isa = PBXVariantGroup;
			children = (
				E4C6E01B19E7EA63003A89F7 /* Base */,
			);
			name = LaunchScreen.xib;
			sourceTree = "<group>";
		};
/* End PBXVariantGroup section */

/* Begin XCBuildConfiguration section */
		E402001B226DF7EE0047A681 /* Debug */ = {
			isa = XCBuildConfiguration;
			buildSettings = {
				ALWAYS_SEARCH_USER_PATHS = NO;
				CLANG_CXX_LANGUAGE_STANDARD = "gnu++0x";
				CLANG_CXX_LIBRARY = "libc++";
				CLANG_ENABLE_MODULES = YES;
				CLANG_ENABLE_OBJC_ARC = YES;
				CLANG_WARN_BOOL_CONVERSION = YES;
				CLANG_WARN_CONSTANT_CONVERSION = YES;
				CLANG_WARN_DIRECT_OBJC_ISA_USAGE = YES_ERROR;
				CLANG_WARN_EMPTY_BODY = YES;
				CLANG_WARN_ENUM_CONVERSION = YES;
				CLANG_WARN_INT_CONVERSION = YES;
				CLANG_WARN_OBJC_ROOT_CLASS = YES_ERROR;
				CLANG_WARN_UNREACHABLE_CODE = YES;
				CLANG_WARN__DUPLICATE_METHOD_MATCH = YES;
				"CODE_SIGN_IDENTITY[sdk=iphoneos*]" = "iPhone Developer";
				COPY_PHASE_STRIP = YES;
				ENABLE_NS_ASSERTIONS = NO;
				ENABLE_STRICT_OBJC_MSGSEND = YES;
				GCC_C_LANGUAGE_STANDARD = gnu99;
				GCC_WARN_64_TO_32_BIT_CONVERSION = YES;
				GCC_WARN_ABOUT_RETURN_TYPE = YES_ERROR;
				GCC_WARN_UNDECLARED_SELECTOR = YES;
				GCC_WARN_UNINITIALIZED_AUTOS = YES_AGGRESSIVE;
				GCC_WARN_UNUSED_FUNCTION = YES;
				GCC_WARN_UNUSED_VARIABLE = YES;
				IPHONEOS_DEPLOYMENT_TARGET = 12.2;
				MTL_ENABLE_DEBUG_INFO = NO;
				SDKROOT = iphoneos;
				TARGETED_DEVICE_FAMILY = 1;
				VALIDATE_PRODUCT = YES;
			};
			name = Debug;
		};
		E402001C226DF7EE0047A681 /* Debug */ = {
			isa = XCBuildConfiguration;
			baseConfigurationReference = 339EA3DD8F9162C475035285 /* Pods-QuickToDo.debug.xcconfig */;
			buildSettings = {
				ASSETCATALOG_COMPILER_APPICON_NAME = AppIcon;
				ASSETCATALOG_COMPILER_LAUNCHIMAGE_NAME = LaunchImage;
				CLANG_ENABLE_MODULES = YES;
				CODE_SIGN_ENTITLEMENTS = QuickToDo/QuickToDo.entitlements;
				CODE_SIGN_IDENTITY = "iPhone Developer";
				"CODE_SIGN_IDENTITY[sdk=iphoneos*]" = "iPhone Developer";
				CODE_SIGN_STYLE = Automatic;
				DEVELOPMENT_TEAM = ENT89NLKC9;
				EMBEDDED_CONTENT_CONTAINS_SWIFT = YES;
				FRAMEWORK_SEARCH_PATHS = "$(inherited)";
				INFOPLIST_FILE = QuickToDo/Info.plist;
				IPHONEOS_DEPLOYMENT_TARGET = 12.2;
				LD_RUNPATH_SEARCH_PATHS = "$(inherited) @executable_path/Frameworks";
				PRODUCT_BUNDLE_IDENTIFIER = Persukibo.QuickToDo;
				PRODUCT_NAME = QuickToDo;
				PROVISIONING_PROFILE = "";
				PROVISIONING_PROFILE_SPECIFIER = "";
				SWIFT_VERSION = 4.2;
				TARGETED_DEVICE_FAMILY = 1;
			};
			name = Debug;
		};
		E402001D226DF7EE0047A681 /* Debug */ = {
			isa = XCBuildConfiguration;
			baseConfigurationReference = 3B4C516769C5AEA6EE6C967E /* Pods-QuickToDoTests.debug.xcconfig */;
			buildSettings = {
				ALWAYS_EMBED_SWIFT_STANDARD_LIBRARIES = YES;
				CODE_SIGN_IDENTITY = "iPhone Developer";
				CODE_SIGN_STYLE = Automatic;
				DEVELOPMENT_TEAM = ENT89NLKC9;
				FRAMEWORK_SEARCH_PATHS = (
					"$(SDKROOT)/Developer/Library/Frameworks",
					"$(inherited)",
				);
				INFOPLIST_FILE = QuickToDoTests/Info.plist;
				LD_RUNPATH_SEARCH_PATHS = "$(inherited) @executable_path/Frameworks @loader_path/Frameworks";
				PRODUCT_NAME = "$(TARGET_NAME)";
				PROVISIONING_PROFILE_SPECIFIER = "";
			};
			name = Debug;
		};
		E4C6E02A19E7EA63003A89F7 /* Release */ = {
			isa = XCBuildConfiguration;
			buildSettings = {
				ALWAYS_SEARCH_USER_PATHS = NO;
				CLANG_CXX_LANGUAGE_STANDARD = "gnu++0x";
				CLANG_CXX_LIBRARY = "libc++";
				CLANG_ENABLE_MODULES = YES;
				CLANG_ENABLE_OBJC_ARC = YES;
				CLANG_WARN_BOOL_CONVERSION = YES;
				CLANG_WARN_CONSTANT_CONVERSION = YES;
				CLANG_WARN_DIRECT_OBJC_ISA_USAGE = YES_ERROR;
				CLANG_WARN_EMPTY_BODY = YES;
				CLANG_WARN_ENUM_CONVERSION = YES;
				CLANG_WARN_INT_CONVERSION = YES;
				CLANG_WARN_OBJC_ROOT_CLASS = YES_ERROR;
				CLANG_WARN_UNREACHABLE_CODE = YES;
				CLANG_WARN__DUPLICATE_METHOD_MATCH = YES;
				"CODE_SIGN_IDENTITY[sdk=iphoneos*]" = "iPhone Developer";
				COPY_PHASE_STRIP = YES;
				ENABLE_NS_ASSERTIONS = NO;
				ENABLE_STRICT_OBJC_MSGSEND = YES;
				GCC_C_LANGUAGE_STANDARD = gnu99;
				GCC_WARN_64_TO_32_BIT_CONVERSION = YES;
				GCC_WARN_ABOUT_RETURN_TYPE = YES_ERROR;
				GCC_WARN_UNDECLARED_SELECTOR = YES;
				GCC_WARN_UNINITIALIZED_AUTOS = YES_AGGRESSIVE;
				GCC_WARN_UNUSED_FUNCTION = YES;
				GCC_WARN_UNUSED_VARIABLE = YES;
				IPHONEOS_DEPLOYMENT_TARGET = 12.2;
				MTL_ENABLE_DEBUG_INFO = NO;
				SDKROOT = iphoneos;
				TARGETED_DEVICE_FAMILY = 1;
				VALIDATE_PRODUCT = YES;
			};
			name = Release;
		};
		E4C6E02D19E7EA63003A89F7 /* Release */ = {
			isa = XCBuildConfiguration;
			baseConfigurationReference = 2CE05E2F6055C31C0270D475 /* Pods-QuickToDo.release.xcconfig */;
			buildSettings = {
				ASSETCATALOG_COMPILER_APPICON_NAME = AppIcon;
				ASSETCATALOG_COMPILER_LAUNCHIMAGE_NAME = LaunchImage;
				CLANG_ENABLE_MODULES = YES;
				CODE_SIGN_ENTITLEMENTS = QuickToDo/QuickToDo.entitlements;
				CODE_SIGN_IDENTITY = "iPhone Developer";
				"CODE_SIGN_IDENTITY[sdk=iphoneos*]" = "iPhone Developer";
				CODE_SIGN_STYLE = Automatic;
				DEVELOPMENT_TEAM = ENT89NLKC9;
				EMBEDDED_CONTENT_CONTAINS_SWIFT = YES;
				FRAMEWORK_SEARCH_PATHS = "$(inherited)";
				INFOPLIST_FILE = QuickToDo/Info.plist;
				IPHONEOS_DEPLOYMENT_TARGET = 12.2;
				LD_RUNPATH_SEARCH_PATHS = "$(inherited) @executable_path/Frameworks";
				PRODUCT_BUNDLE_IDENTIFIER = Persukibo.QuickToDo;
				PRODUCT_NAME = QuickToDo;
				PROVISIONING_PROFILE = "";
				PROVISIONING_PROFILE_SPECIFIER = "";
				SWIFT_VERSION = 4.2;
				TARGETED_DEVICE_FAMILY = 1;
			};
			name = Release;
		};
		E4C6E03019E7EA63003A89F7 /* Release */ = {
			isa = XCBuildConfiguration;
			baseConfigurationReference = A97DD8250808A8AD94FBF903 /* Pods-QuickToDoTests.release.xcconfig */;
			buildSettings = {
				ALWAYS_EMBED_SWIFT_STANDARD_LIBRARIES = YES;
				CODE_SIGN_IDENTITY = "iPhone Developer";
				CODE_SIGN_STYLE = Automatic;
				DEVELOPMENT_TEAM = ENT89NLKC9;
				FRAMEWORK_SEARCH_PATHS = (
					"$(SDKROOT)/Developer/Library/Frameworks",
					"$(inherited)",
				);
				INFOPLIST_FILE = QuickToDoTests/Info.plist;
				LD_RUNPATH_SEARCH_PATHS = "$(inherited) @executable_path/Frameworks @loader_path/Frameworks";
				PRODUCT_NAME = "$(TARGET_NAME)";
				PROVISIONING_PROFILE_SPECIFIER = "";
			};
			name = Release;
		};
/* End XCBuildConfiguration section */

/* Begin XCConfigurationList section */
		E4C6E00419E7EA62003A89F7 /* Build configuration list for PBXProject "QuickToDo" */ = {
			isa = XCConfigurationList;
			buildConfigurations = (
				E4C6E02A19E7EA63003A89F7 /* Release */,
				E402001B226DF7EE0047A681 /* Debug */,
			);
			defaultConfigurationIsVisible = 0;
			defaultConfigurationName = Release;
		};
		E4C6E02B19E7EA63003A89F7 /* Build configuration list for PBXNativeTarget "QuickToDo" */ = {
			isa = XCConfigurationList;
			buildConfigurations = (
				E4C6E02D19E7EA63003A89F7 /* Release */,
				E402001C226DF7EE0047A681 /* Debug */,
			);
			defaultConfigurationIsVisible = 0;
			defaultConfigurationName = Release;
		};
		E4C6E02E19E7EA63003A89F7 /* Build configuration list for PBXNativeTarget "QuickToDoTests" */ = {
			isa = XCConfigurationList;
			buildConfigurations = (
				E4C6E03019E7EA63003A89F7 /* Release */,
				E402001D226DF7EE0047A681 /* Debug */,
			);
			defaultConfigurationIsVisible = 0;
			defaultConfigurationName = Release;
		};
/* End XCConfigurationList section */

/* Begin XCVersionGroup section */
		E4C6E01019E7EA63003A89F7 /* QuickToDo.xcdatamodeld */ = {
			isa = XCVersionGroup;
			children = (
				E4C6E01119E7EA63003A89F7 /* QuickToDo.xcdatamodel */,
			);
			currentVersion = E4C6E01119E7EA63003A89F7 /* QuickToDo.xcdatamodel */;
			path = QuickToDo.xcdatamodeld;
			sourceTree = "<group>";
			versionGroupType = wrapper.xcdatamodel;
		};
/* End XCVersionGroup section */
	};
	rootObject = E4C6E00119E7EA62003A89F7 /* Project object */;
}
